// !$*UTF8*$!
{
	archiveVersion = 1;
	classes = {
	};
	objectVersion = 50;
	objects = {

/* Begin PBXBuildFile section */
		1331A9B32517136C0047A1E8 /* CoderTestStudent.swift in Sources */ = {isa = PBXBuildFile; fileRef = 1331A9B22517136C0047A1E8 /* CoderTestStudent.swift */; };
		1331A9B5251725180047A1E8 /* DefaultStringStudent.swift in Sources */ = {isa = PBXBuildFile; fileRef = 1331A9B4251725180047A1E8 /* DefaultStringStudent.swift */; };
		1331A9B725172F970047A1E8 /* CustomDecoder.swift in Sources */ = {isa = PBXBuildFile; fileRef = 1331A9B625172F970047A1E8 /* CustomDecoder.swift */; };
		13B37B63251712B100FAEA87 /* main.swift in Sources */ = {isa = PBXBuildFile; fileRef = 13B37B62251712B100FAEA87 /* main.swift */; };
		13B37B6A2517131900FAEA87 /* Decoder.swift in Sources */ = {isa = PBXBuildFile; fileRef = 13B37B692517131900FAEA87 /* Decoder.swift */; };
/* End PBXBuildFile section */

/* Begin PBXCopyFilesBuildPhase section */
		13B37B5D251712B100FAEA87 /* CopyFiles */ = {
			isa = PBXCopyFilesBuildPhase;
			buildActionMask = 2147483647;
			dstPath = /usr/share/man/man1/;
			dstSubfolderSpec = 0;
			files = (
			);
			runOnlyForDeploymentPostprocessing = 1;
		};
/* End PBXCopyFilesBuildPhase section */

/* Begin PBXFileReference section */
		1331A9B22517136C0047A1E8 /* CoderTestStudent.swift */ = {isa = PBXFileReference; lastKnownFileType = sourcecode.swift; path = CoderTestStudent.swift; sourceTree = "<group>"; };
		1331A9B4251725180047A1E8 /* DefaultStringStudent.swift */ = {isa = PBXFileReference; lastKnownFileType = sourcecode.swift; path = DefaultStringStudent.swift; sourceTree = "<group>"; };
		1331A9B625172F970047A1E8 /* CustomDecoder.swift */ = {isa = PBXFileReference; lastKnownFileType = sourcecode.swift; path = CustomDecoder.swift; sourceTree = "<group>"; };
		13B37B5F251712B100FAEA87 /* protobuf-decoder-demo */ = {isa = PBXFileReference; explicitFileType = "compiled.mach-o.executable"; includeInIndex = 0; path = "protobuf-decoder-demo"; sourceTree = BUILT_PRODUCTS_DIR; };
		13B37B62251712B100FAEA87 /* main.swift */ = {isa = PBXFileReference; lastKnownFileType = sourcecode.swift; path = main.swift; sourceTree = "<group>"; };
		13B37B692517131900FAEA87 /* Decoder.swift */ = {isa = PBXFileReference; lastKnownFileType = sourcecode.swift; path = Decoder.swift; sourceTree = "<group>"; };
/* End PBXFileReference section */

/* Begin PBXFrameworksBuildPhase section */
		13B37B5C251712B100FAEA87 /* Frameworks */ = {
			isa = PBXFrameworksBuildPhase;
			buildActionMask = 2147483647;
			files = (
			);
			runOnlyForDeploymentPostprocessing = 0;
		};
/* End PBXFrameworksBuildPhase section */

/* Begin PBXGroup section */
		13B37B56251712B100FAEA87 = {
			isa = PBXGroup;
			children = (
				13B37B61251712B100FAEA87 /* protobuf-decoder-demo */,
				13B37B60251712B100FAEA87 /* Products */,
			);
			sourceTree = "<group>";
		};
		13B37B60251712B100FAEA87 /* Products */ = {
			isa = PBXGroup;
			children = (
				13B37B5F251712B100FAEA87 /* protobuf-decoder-demo */,
			);
			name = Products;
			sourceTree = "<group>";
		};
		13B37B61251712B100FAEA87 /* protobuf-decoder-demo */ = {
			isa = PBXGroup;
			children = (
				13B37B62251712B100FAEA87 /* main.swift */,
				13B37B692517131900FAEA87 /* Decoder.swift */,
				1331A9B22517136C0047A1E8 /* CoderTestStudent.swift */,
				1331A9B4251725180047A1E8 /* DefaultStringStudent.swift */,
				1331A9B625172F970047A1E8 /* CustomDecoder.swift */,
			);
			path = "protobuf-decoder-demo";
			sourceTree = "<group>";
		};
/* End PBXGroup section */

/* Begin PBXNativeTarget section */
		13B37B5E251712B100FAEA87 /* protobuf-decoder-demo */ = {
			isa = PBXNativeTarget;
			buildConfigurationList = 13B37B66251712B100FAEA87 /* Build configuration list for PBXNativeTarget "protobuf-decoder-demo" */;
			buildPhases = (
				13B37B5B251712B100FAEA87 /* Sources */,
				13B37B5C251712B100FAEA87 /* Frameworks */,
				13B37B5D251712B100FAEA87 /* CopyFiles */,
			);
			buildRules = (
			);
			dependencies = (
			);
			name = "protobuf-decoder-demo";
			productName = "protobuf-decoder-demo";
			productReference = 13B37B5F251712B100FAEA87 /* protobuf-decoder-demo */;
			productType = "com.apple.product-type.tool";
		};
/* End PBXNativeTarget section */

/* Begin PBXProject section */
		13B37B57251712B100FAEA87 /* Project object */ = {
			isa = PBXProject;
			attributes = {
				LastSwiftUpdateCheck = 1130;
				LastUpgradeCheck = 1130;
				ORGANIZATIONNAME = "田纪原";
				TargetAttributes = {
					13B37B5E251712B100FAEA87 = {
						CreatedOnToolsVersion = 11.3.1;
					};
				};
			};
			buildConfigurationList = 13B37B5A251712B100FAEA87 /* Build configuration list for PBXProject "protobuf-decoder-demo" */;
			compatibilityVersion = "Xcode 9.3";
			developmentRegion = en;
			hasScannedForEncodings = 0;
			knownRegions = (
				en,
				Base,
			);
			mainGroup = 13B37B56251712B100FAEA87;
			productRefGroup = 13B37B60251712B100FAEA87 /* Products */;
			projectDirPath = "";
			projectRoot = "";
			targets = (
				13B37B5E251712B100FAEA87 /* protobuf-decoder-demo */,
			);
		};
/* End PBXProject section */

/* Begin PBXSourcesBuildPhase section */
		13B37B5B251712B100FAEA87 /* Sources */ = {
			isa = PBXSourcesBuildPhase;
			buildActionMask = 2147483647;
			files = (
				1331A9B5251725180047A1E8 /* DefaultStringStudent.swift in Sources */,
				1331A9B32517136C0047A1E8 /* CoderTestStudent.swift in Sources */,
				13B37B6A2517131900FAEA87 /* Decoder.swift in Sources */,
				13B37B63251712B100FAEA87 /* main.swift in Sources */,
				1331A9B725172F970047A1E8 /* CustomDecoder.swift in Sources */,
			);
			runOnlyForDeploymentPostprocessing = 0;
		};
/* End PBXSourcesBuildPhase section */

/* Begin XCBuildConfiguration section */
		13B37B64251712B100FAEA87 /* Debug */ = {
			isa = XCBuildConfiguration;
			buildSettings = {
				ALWAYS_SEARCH_USER_PATHS = NO;
				CLANG_ANALYZER_NONNULL = YES;
				CLANG_ANALYZER_NUMBER_OBJECT_CONVERSION = YES_AGGRESSIVE;
				CLANG_CXX_LANGUAGE_STANDARD = "gnu++14";
				CLANG_CXX_LIBRARY = "libc++";
				CLANG_ENABLE_MODULES = YES;
				CLANG_ENABLE_OBJC_ARC = YES;
				CLANG_ENABLE_OBJC_WEAK = YES;
				CLANG_WARN_BLOCK_CAPTURE_AUTORELEASING = YES;
				CLANG_WARN_BOOL_CONVERSION = YES;
				CLANG_WARN_COMMA = YES;
				CLANG_WARN_CONSTANT_CONVERSION = YES;
				CLANG_WARN_DEPRECATED_OBJC_IMPLEMENTATIONS = YES;
				CLANG_WARN_DIRECT_OBJC_ISA_USAGE = YES_ERROR;
				CLANG_WARN_DOCUMENTATION_COMMENTS = YES;
				CLANG_WARN_EMPTY_BODY = YES;
				CLANG_WARN_ENUM_CONVERSION = YES;
				CLANG_WARN_INFINITE_RECURSION = YES;
				CLANG_WARN_INT_CONVERSION = YES;
				CLANG_WARN_NON_LITERAL_NULL_CONVERSION = YES;
				CLANG_WARN_OBJC_IMPLICIT_RETAIN_SELF = YES;
				CLANG_WARN_OBJC_LITERAL_CONVERSION = YES;
				CLANG_WARN_OBJC_ROOT_CLASS = YES_ERROR;
				CLANG_WARN_RANGE_LOOP_ANALYSIS = YES;
				CLANG_WARN_STRICT_PROTOTYPES = YES;
				CLANG_WARN_SUSPICIOUS_MOVE = YES;
				CLANG_WARN_UNGUARDED_AVAILABILITY = YES_AGGRESSIVE;
				CLANG_WARN_UNREACHABLE_CODE = YES;
				CLANG_WARN__DUPLICATE_METHOD_MATCH = YES;
				COPY_PHASE_STRIP = NO;
				DEBUG_INFORMATION_FORMAT = dwarf;
				ENABLE_STRICT_OBJC_MSGSEND = YES;
				ENABLE_TESTABILITY = YES;
				GCC_C_LANGUAGE_STANDARD = gnu11;
				GCC_DYNAMIC_NO_PIC = NO;
				GCC_NO_COMMON_BLOCKS = YES;
				GCC_OPTIMIZATION_LEVEL = 0;
				GCC_PREPROCESSOR_DEFINITIONS = (
					"DEBUG=1",
					"$(inherited)",
				);
				GCC_WARN_64_TO_32_BIT_CONVERSION = YES;
				GCC_WARN_ABOUT_RETURN_TYPE = YES_ERROR;
				GCC_WARN_UNDECLARED_SELECTOR = YES;
				GCC_WARN_UNINITIALIZED_AUTOS = YES_AGGRESSIVE;
				GCC_WARN_UNUSED_FUNCTION = YES;
				GCC_WARN_UNUSED_VARIABLE = YES;
				MACOSX_DEPLOYMENT_TARGET = 10.14;
				MTL_ENABLE_DEBUG_INFO = INCLUDE_SOURCE;
				MTL_FAST_MATH = YES;
				ONLY_ACTIVE_ARCH = YES;
				SDKROOT = macosx;
				SWIFT_ACTIVE_COMPILATION_CONDITIONS = DEBUG;
				SWIFT_OPTIMIZATION_LEVEL = "-Onone";
			};
			name = Debug;
		};
		13B37B65251712B100FAEA87 /* Release */ = {
			isa = XCBuildConfiguration;
			buildSettings = {
				ALWAYS_SEARCH_USER_PATHS = NO;
				CLANG_ANALYZER_NONNULL = YES;
				CLANG_ANALYZER_NUMBER_OBJECT_CONVERSION = YES_AGGRESSIVE;
				CLANG_CXX_LANGUAGE_STANDARD = "gnu++14";
				CLANG_CXX_LIBRARY = "libc++";
				CLANG_ENABLE_MODULES = YES;
				CLANG_ENABLE_OBJC_ARC = YES;
				CLANG_ENABLE_OBJC_WEAK = YES;
				CLANG_WARN_BLOCK_CAPTURE_AUTORELEASING = YES;
				CLANG_WARN_BOOL_CONVERSION = YES;
				CLANG_WARN_COMMA = YES;
				CLANG_WARN_CONSTANT_CONVERSION = YES;
				CLANG_WARN_DEPRECATED_OBJC_IMPLEMENTATIONS = YES;
				CLANG_WARN_DIRECT_OBJC_ISA_USAGE = YES_ERROR;
				CLANG_WARN_DOCUMENTATION_COMMENTS = YES;
				CLANG_WARN_EMPTY_BODY = YES;
				CLANG_WARN_ENUM_CONVERSION = YES;
				CLANG_WARN_INFINITE_RECURSION = YES;
				CLANG_WARN_INT_CONVERSION = YES;
				CLANG_WARN_NON_LITERAL_NULL_CONVERSION = YES;
				CLANG_WARN_OBJC_IMPLICIT_RETAIN_SELF = YES;
				CLANG_WARN_OBJC_LITERAL_CONVERSION = YES;
				CLANG_WARN_OBJC_ROOT_CLASS = YES_ERROR;
				CLANG_WARN_RANGE_LOOP_ANALYSIS = YES;
				CLANG_WARN_STRICT_PROTOTYPES = YES;
				CLANG_WARN_SUSPICIOUS_MOVE = YES;
				CLANG_WARN_UNGUARDED_AVAILABILITY = YES_AGGRESSIVE;
				CLANG_WARN_UNREACHABLE_CODE = YES;
				CLANG_WARN__DUPLICATE_METHOD_MATCH = YES;
				COPY_PHASE_STRIP = NO;
				DEBUG_INFORMATION_FORMAT = "dwarf-with-dsym";
				ENABLE_NS_ASSERTIONS = NO;
				ENABLE_STRICT_OBJC_MSGSEND = YES;
				GCC_C_LANGUAGE_STANDARD = gnu11;
				GCC_NO_COMMON_BLOCKS = YES;
				GCC_WARN_64_TO_32_BIT_CONVERSION = YES;
				GCC_WARN_ABOUT_RETURN_TYPE = YES_ERROR;
				GCC_WARN_UNDECLARED_SELECTOR = YES;
				GCC_WARN_UNINITIALIZED_AUTOS = YES_AGGRESSIVE;
				GCC_WARN_UNUSED_FUNCTION = YES;
				GCC_WARN_UNUSED_VARIABLE = YES;
				MACOSX_DEPLOYMENT_TARGET = 10.14;
				MTL_ENABLE_DEBUG_INFO = NO;
				MTL_FAST_MATH = YES;
				SDKROOT = macosx;
				SWIFT_COMPILATION_MODE = wholemodule;
				SWIFT_OPTIMIZATION_LEVEL = "-O";
			};
			name = Release;
		};
		13B37B67251712B100FAEA87 /* Debug */ = {
			isa = XCBuildConfiguration;
			buildSettings = {
				CODE_SIGN_STYLE = Automatic;
				PRODUCT_NAME = "$(TARGET_NAME)";
				SWIFT_VERSION = 5.0;
			};
			name = Debug;
		};
		13B37B68251712B100FAEA87 /* Release */ = {
			isa = XCBuildConfiguration;
			buildSettings = {
				CODE_SIGN_STYLE = Automatic;
				PRODUCT_NAME = "$(TARGET_NAME)";
				SWIFT_VERSION = 5.0;
			};
			name = Release;
		};
/* End XCBuildConfiguration section */

/* Begin XCConfigurationList section */
		13B37B5A251712B100FAEA87 /* Build configuration list for PBXProject "protobuf-decoder-demo" */ = {
			isa = XCConfigurationList;
			buildConfigurations = (
				13B37B64251712B100FAEA87 /* Debug */,
				13B37B65251712B100FAEA87 /* Release */,
			);
			defaultConfigurationIsVisible = 0;
			defaultConfigurationName = Release;
		};
		13B37B66251712B100FAEA87 /* Build configuration list for PBXNativeTarget "protobuf-decoder-demo" */ = {
			isa = XCConfigurationList;
			buildConfigurations = (
				13B37B67251712B100FAEA87 /* Debug */,
				13B37B68251712B100FAEA87 /* Release */,
			);
			defaultConfigurationIsVisible = 0;
			defaultConfigurationName = Release;
		};
/* End XCConfigurationList section */
	};
	rootObject = 13B37B57251712B100FAEA87 /* Project object */;
}
